
Microsoft Visual Studio Solution File, Format Version 12.00
# Visual Studio Version 17
VisualStudioVersion = 17.5.002.0
MinimumVisualStudioVersion = 10.0.40219.1
Project("{9A19103F-16F7-4668-BE54-9A1E7A4F7556}") = "task_management", "task_management\task_management.csproj", "{76CC0D47-4127-4D34-A930-53755DA1A483}"
EndProject
Global
	GlobalSection(SolutionConfigurationPlatforms) = preSolution
		Debug|Any CPU = Debug|Any CPU
		Release|Any CPU = Release|Any CPU
	EndGlobalSection
	GlobalSection(ProjectConfigurationPlatforms) = postSolution
		{76CC0D47-4127-4D34-A930-53755DA1A483}.Debug|Any CPU.ActiveCfg = Debug|Any CPU
		{76CC0D47-4127-4D34-A930-53755DA1A483}.Debug|Any CPU.Build.0 = Debug|Any CPU
		{76CC0D47-4127-4D34-A930-53755DA1A483}.Release|Any CPU.ActiveCfg = Release|Any CPU
		{76CC0D47-4127-4D34-A930-53755DA1A483}.Release|Any CPU.Build.0 = Release|Any CPU
	EndGlobalSection
	GlobalSection(SolutionProperties) = preSolution
		HideSolutionNode = FALSE
	EndGlobalSection
	GlobalSection(ExtensibilityGlobals) = postSolution
		SolutionGuid = {249C4E3A-C187-4497-9377-279A8C90A48F}
	EndGlobalSection
EndGlobal
